
Microsoft Visual Studio Solution File, Format Version 12.00
# Visual Studio 15
VisualStudioVersion = 15.0.26228.4
MinimumVisualStudioVersion = 10.0.40219.1
Project("{2150E333-8FDC-42A3-9474-1A3956D46DE8}") = "AndroidTest", "AndroidTest", "{49A576BA-B737-4C90-865E-EA1805698F13}"
EndProject
Project("{39E2626F-3545-4960-A6E8-258AD8476CE5}") = "AndroidTest.Packaging", "AndroidTest\AndroidTest.Packaging\AndroidTest.Packaging.androidproj", "{4D974D5D-5144-4329-BC58-701D182CA9E1}"
EndProject
Project("{8BC9CEB8-8B4A-11D0-8D11-00A0C91BC942}") = "AndroidTest.NativeActivity", "AndroidTest\AndroidTest.NativeActivity\AndroidTest.NativeActivity.vcxproj", "{51036F27-4ED2-44CB-B3E2-6D32C73FB322}"
	ProjectSection(ProjectDependencies) = postProject
		{E529B351-8038-40C0-A512-55F288C49458} = {E529B351-8038-40C0-A512-55F288C49458}
		{34CF84E3-1302-4217-B7AF-379EA19CAFB6} = {34CF84E3-1302-4217-B7AF-379EA19CAFB6}
	EndProjectSection
EndProject
Project("{8BC9CEB8-8B4A-11D0-8D11-00A0C91BC942}") = "UCore", "UCore\UCore.vcxproj", "{34CF84E3-1302-4217-B7AF-379EA19CAFB6}"
EndProject
Project("{8BC9CEB8-8B4A-11D0-8D11-00A0C91BC942}") = "UGFXGLES2", "UGFXGLES2\UGFXGLES2.vcxproj", "{E529B351-8038-40C0-A512-55F288C49458}"
	ProjectSection(ProjectDependencies) = postProject
		{34CF84E3-1302-4217-B7AF-379EA19CAFB6} = {34CF84E3-1302-4217-B7AF-379EA19CAFB6}
	EndProjectSection
EndProject
Global
	GlobalSection(SolutionConfigurationPlatforms) = preSolution
		Debug|ARM = Debug|ARM
		Debug|ARM64 = Debug|ARM64
		Debug|x64 = Debug|x64
		Debug|x86 = Debug|x86
		Release|ARM = Release|ARM
		Release|ARM64 = Release|ARM64
		Release|x64 = Release|x64
		Release|x86 = Release|x86
	EndGlobalSection
	GlobalSection(ProjectConfigurationPlatforms) = postSolution
		{4D974D5D-5144-4329-BC58-701D182CA9E1}.Debug|ARM.ActiveCfg = Debug|ARM
		{4D974D5D-5144-4329-BC58-701D182CA9E1}.Debug|ARM.Build.0 = Debug|ARM
		{4D974D5D-5144-4329-BC58-701D182CA9E1}.Debug|ARM.Deploy.0 = Debug|ARM
		{4D974D5D-5144-4329-BC58-701D182CA9E1}.Debug|ARM64.ActiveCfg = Debug|ARM64
		{4D974D5D-5144-4329-BC58-701D182CA9E1}.Debug|ARM64.Build.0 = Debug|ARM64
		{4D974D5D-5144-4329-BC58-701D182CA9E1}.Debug|ARM64.Deploy.0 = Debug|ARM64
		{4D974D5D-5144-4329-BC58-701D182CA9E1}.Debug|x64.ActiveCfg = Debug|x64
		{4D974D5D-5144-4329-BC58-701D182CA9E1}.Debug|x64.Build.0 = Debug|x64
		{4D974D5D-5144-4329-BC58-701D182CA9E1}.Debug|x64.Deploy.0 = Debug|x64
		{4D974D5D-5144-4329-BC58-701D182CA9E1}.Debug|x86.ActiveCfg = Debug|x86
		{4D974D5D-5144-4329-BC58-701D182CA9E1}.Debug|x86.Build.0 = Debug|x86
		{4D974D5D-5144-4329-BC58-701D182CA9E1}.Debug|x86.Deploy.0 = Debug|x86
		{4D974D5D-5144-4329-BC58-701D182CA9E1}.Release|ARM.ActiveCfg = Release|ARM
		{4D974D5D-5144-4329-BC58-701D182CA9E1}.Release|ARM.Build.0 = Release|ARM
		{4D974D5D-5144-4329-BC58-701D182CA9E1}.Release|ARM.Deploy.0 = Release|ARM
		{4D974D5D-5144-4329-BC58-701D182CA9E1}.Release|ARM64.ActiveCfg = Release|ARM64
		{4D974D5D-5144-4329-BC58-701D182CA9E1}.Release|ARM64.Build.0 = Release|ARM64
		{4D974D5D-5144-4329-BC58-701D182CA9E1}.Release|ARM64.Deploy.0 = Release|ARM64
		{4D974D5D-5144-4329-BC58-701D182CA9E1}.Release|x64.ActiveCfg = Release|x64
		{4D974D5D-5144-4329-BC58-701D182CA9E1}.Release|x64.Build.0 = Release|x64
		{4D974D5D-5144-4329-BC58-701D182CA9E1}.Release|x64.Deploy.0 = Release|x64
		{4D974D5D-5144-4329-BC58-701D182CA9E1}.Release|x86.ActiveCfg = Release|x86
		{4D974D5D-5144-4329-BC58-701D182CA9E1}.Release|x86.Build.0 = Release|x86
		{4D974D5D-5144-4329-BC58-701D182CA9E1}.Release|x86.Deploy.0 = Release|x86
		{51036F27-4ED2-44CB-B3E2-6D32C73FB322}.Debug|ARM.ActiveCfg = Debug|ARM
		{51036F27-4ED2-44CB-B3E2-6D32C73FB322}.Debug|ARM.Build.0 = Debug|ARM
		{51036F27-4ED2-44CB-B3E2-6D32C73FB322}.Debug|ARM64.ActiveCfg = Debug|ARM64
		{51036F27-4ED2-44CB-B3E2-6D32C73FB322}.Debug|ARM64.Build.0 = Debug|ARM64
		{51036F27-4ED2-44CB-B3E2-6D32C73FB322}.Debug|x64.ActiveCfg = Debug|x64
		{51036F27-4ED2-44CB-B3E2-6D32C73FB322}.Debug|x64.Build.0 = Debug|x64
		{51036F27-4ED2-44CB-B3E2-6D32C73FB322}.Debug|x86.ActiveCfg = Debug|x86
		{51036F27-4ED2-44CB-B3E2-6D32C73FB322}.Debug|x86.Build.0 = Debug|x86
		{51036F27-4ED2-44CB-B3E2-6D32C73FB322}.Release|ARM.ActiveCfg = Release|ARM
		{51036F27-4ED2-44CB-B3E2-6D32C73FB322}.Release|ARM.Build.0 = Release|ARM
		{51036F27-4ED2-44CB-B3E2-6D32C73FB322}.Release|ARM64.ActiveCfg = Release|ARM64
		{51036F27-4ED2-44CB-B3E2-6D32C73FB322}.Release|ARM64.Build.0 = Release|ARM64
		{51036F27-4ED2-44CB-B3E2-6D32C73FB322}.Release|x64.ActiveCfg = Release|x64
		{51036F27-4ED2-44CB-B3E2-6D32C73FB322}.Release|x64.Build.0 = Release|x64
		{51036F27-4ED2-44CB-B3E2-6D32C73FB322}.Release|x86.ActiveCfg = Release|x86
		{51036F27-4ED2-44CB-B3E2-6D32C73FB322}.Release|x86.Build.0 = Release|x86
		{34CF84E3-1302-4217-B7AF-379EA19CAFB6}.Debug|ARM.ActiveCfg = Debug|ARM
		{34CF84E3-1302-4217-B7AF-379EA19CAFB6}.Debug|ARM.Build.0 = Debug|ARM
		{34CF84E3-1302-4217-B7AF-379EA19CAFB6}.Debug|ARM64.ActiveCfg = Debug|ARM64
		{34CF84E3-1302-4217-B7AF-379EA19CAFB6}.Debug|ARM64.Build.0 = Debug|ARM64
		{34CF84E3-1302-4217-B7AF-379EA19CAFB6}.Debug|x64.ActiveCfg = Debug|x64
		{34CF84E3-1302-4217-B7AF-379EA19CAFB6}.Debug|x64.Build.0 = Debug|x64
		{34CF84E3-1302-4217-B7AF-379EA19CAFB6}.Debug|x86.ActiveCfg = Debug|x86
		{34CF84E3-1302-4217-B7AF-379EA19CAFB6}.Debug|x86.Build.0 = Debug|x86
		{34CF84E3-1302-4217-B7AF-379EA19CAFB6}.Release|ARM.ActiveCfg = Release|ARM
		{34CF84E3-1302-4217-B7AF-379EA19CAFB6}.Release|ARM.Build.0 = Release|ARM
		{34CF84E3-1302-4217-B7AF-379EA19CAFB6}.Release|ARM64.ActiveCfg = Release|ARM64
		{34CF84E3-1302-4217-B7AF-379EA19CAFB6}.Release|ARM64.Build.0 = Release|ARM64
		{34CF84E3-1302-4217-B7AF-379EA19CAFB6}.Release|x64.ActiveCfg = Release|x64
		{34CF84E3-1302-4217-B7AF-379EA19CAFB6}.Release|x64.Build.0 = Release|x64
		{34CF84E3-1302-4217-B7AF-379EA19CAFB6}.Release|x86.ActiveCfg = Release|x86
		{34CF84E3-1302-4217-B7AF-379EA19CAFB6}.Release|x86.Build.0 = Release|x86
		{E529B351-8038-40C0-A512-55F288C49458}.Debug|ARM.ActiveCfg = Debug|ARM
		{E529B351-8038-40C0-A512-55F288C49458}.Debug|ARM.Build.0 = Debug|ARM
		{E529B351-8038-40C0-A512-55F288C49458}.Debug|ARM64.ActiveCfg = Debug|ARM64
		{E529B351-8038-40C0-A512-55F288C49458}.Debug|ARM64.Build.0 = Debug|ARM64
		{E529B351-8038-40C0-A512-55F288C49458}.Debug|x64.ActiveCfg = Debug|x64
		{E529B351-8038-40C0-A512-55F288C49458}.Debug|x64.Build.0 = Debug|x64
		{E529B351-8038-40C0-A512-55F288C49458}.Debug|x86.ActiveCfg = Debug|x86
		{E529B351-8038-40C0-A512-55F288C49458}.Debug|x86.Build.0 = Debug|x86
		{E529B351-8038-40C0-A512-55F288C49458}.Release|ARM.ActiveCfg = Release|ARM
		{E529B351-8038-40C0-A512-55F288C49458}.Release|ARM.Build.0 = Release|ARM
		{E529B351-8038-40C0-A512-55F288C49458}.Release|ARM64.ActiveCfg = Release|ARM64
		{E529B351-8038-40C0-A512-55F288C49458}.Release|ARM64.Build.0 = Release|ARM64
		{E529B351-8038-40C0-A512-55F288C49458}.Release|x64.ActiveCfg = Release|x64
		{E529B351-8038-40C0-A512-55F288C49458}.Release|x64.Build.0 = Release|x64
		{E529B351-8038-40C0-A512-55F288C49458}.Release|x86.ActiveCfg = Release|x86
		{E529B351-8038-40C0-A512-55F288C49458}.Release|x86.Build.0 = Release|x86
	EndGlobalSection
	GlobalSection(SolutionProperties) = preSolution
		HideSolutionNode = FALSE
	EndGlobalSection
	GlobalSection(NestedProjects) = preSolution
		{4D974D5D-5144-4329-BC58-701D182CA9E1} = {49A576BA-B737-4C90-865E-EA1805698F13}
		{51036F27-4ED2-44CB-B3E2-6D32C73FB322} = {49A576BA-B737-4C90-865E-EA1805698F13}
	EndGlobalSection
EndGlobal
